
Microsoft Visual Studio Solution File, Format Version 12.00
# Visual Studio 15
VisualStudioVersion = 15.0.27703.2035
MinimumVisualStudioVersion = 10.0.40219.1
Project("{FAE04EC0-301F-11D3-BF4B-00C04F79EFBC}") = "SmartWork.Wpf", "SmartWork.Wpf\SmartWork.Wpf.csproj", "{047FA27B-DE7B-4F60-B7B2-7442F9706CCB}"
EndProject
Global
	GlobalSection(SolutionConfigurationPlatforms) = preSolution
		Debug|Any CPU = Debug|Any CPU
		Release|Any CPU = Release|Any CPU
	EndGlobalSection
	GlobalSection(ProjectConfigurationPlatforms) = postSolution
		{047FA27B-DE7B-4F60-B7B2-7442F9706CCB}.Debug|Any CPU.ActiveCfg = Debug|Any CPU
		{047FA27B-DE7B-4F60-B7B2-7442F9706CCB}.Debug|Any CPU.Build.0 = Debug|Any CPU
		{047FA27B-DE7B-4F60-B7B2-7442F9706CCB}.Release|Any CPU.ActiveCfg = Release|Any CPU
		{047FA27B-DE7B-4F60-B7B2-7442F9706CCB}.Release|Any CPU.Build.0 = Release|Any CPU
	EndGlobalSection
	GlobalSection(SolutionProperties) = preSolution
		HideSolutionNode = FALSE
	EndGlobalSection
	GlobalSection(ExtensibilityGlobals) = postSolution
		SolutionGuid = {527491F7-B83F-46DA-9037-69F7708A38F4}
	EndGlobalSection
EndGlobal
